
Microsoft Visual Studio Solution File, Format Version 12.00
# Visual Studio Version 17
VisualStudioVersion = 17.5.33516.290
MinimumVisualStudioVersion = 10.0.40219.1
Project("{9A19103F-16F7-4668-BE54-9A1E7A4F7556}") = "UI", "UI.csproj", "{EFCBFC97-663E-41CB-891E-C33398FEC112}"
EndProject
Project("{9A19103F-16F7-4668-BE54-9A1E7A4F7556}") = "Domain", "..\Domain\Domain.csproj", "{B112DA78-E3E8-4AB7-8C02-D83D6CFB3DDE}"
EndProject
Global
	GlobalSection(SolutionConfigurationPlatforms) = preSolution
		Debug|Any CPU = Debug|Any CPU
		Release|Any CPU = Release|Any CPU
	EndGlobalSection
	GlobalSection(ProjectConfigurationPlatforms) = postSolution
		{EFCBFC97-663E-41CB-891E-C33398FEC112}.Debug|Any CPU.ActiveCfg = Debug|Any CPU
		{EFCBFC97-663E-41CB-891E-C33398FEC112}.Debug|Any CPU.Build.0 = Debug|Any CPU
		{EFCBFC97-663E-41CB-891E-C33398FEC112}.Release|Any CPU.ActiveCfg = Release|Any CPU
		{EFCBFC97-663E-41CB-891E-C33398FEC112}.Release|Any CPU.Build.0 = Release|Any CPU
		{B112DA78-E3E8-4AB7-8C02-D83D6CFB3DDE}.Debug|Any CPU.ActiveCfg = Debug|Any CPU
		{B112DA78-E3E8-4AB7-8C02-D83D6CFB3DDE}.Debug|Any CPU.Build.0 = Debug|Any CPU
		{B112DA78-E3E8-4AB7-8C02-D83D6CFB3DDE}.Release|Any CPU.ActiveCfg = Release|Any CPU
		{B112DA78-E3E8-4AB7-8C02-D83D6CFB3DDE}.Release|Any CPU.Build.0 = Release|Any CPU
	EndGlobalSection
	GlobalSection(SolutionProperties) = preSolution
		HideSolutionNode = FALSE
	EndGlobalSection
	GlobalSection(ExtensibilityGlobals) = postSolution
		SolutionGuid = {72053A98-4E5F-4B03-8277-22CBB1AB6783}
	EndGlobalSection
EndGlobal
